{
  "name": "architecture-as-code",
  "lockfileVersion": 3,
  "requires": true,
  "packages": {
    "": {
      "dependencies": {
        "cytoscape-fcose": "^2.2.0"
      }
    },
    "node_modules/cose-base": {
      "version": "2.2.0",
      "resolved": "https://registry.npmjs.org/cose-base/-/cose-base-2.2.0.tgz",
      "integrity": "sha512-AzlgcsCbUMymkADOJtQm3wO9S3ltPfYOFD5033keQn9NJzIbtnZj+UdBJe7DYml/8TdbtHJW3j58SOnKhWY/5g==",
      "dependencies": {
        "layout-base": "^2.0.0"
      }
    },
    "node_modules/cytoscape": {
      "version": "3.30.4",
      "resolved": "https://registry.npmjs.org/cytoscape/-/cytoscape-3.30.4.tgz",
      "integrity": "sha512-OxtlZwQl1WbwMmLiyPSEBuzeTIQnwZhJYYWFzZ2PhEHVFwpeaqNIkUzSiso00D98qk60l8Gwon2RP304d3BJ1A==",
      "peer": true,
      "engines": {
        "node": ">=0.10"
      }
    },
    "node_modules/cytoscape-fcose": {
      "version": "2.2.0",
      "resolved": "https://registry.npmjs.org/cytoscape-fcose/-/cytoscape-fcose-2.2.0.tgz",
      "integrity": "sha512-ki1/VuRIHFCzxWNrsshHYPs6L7TvLu3DL+TyIGEsRcvVERmxokbf5Gdk7mFxZnTdiGtnA4cfSmjZJMviqSuZrQ==",
      "dependencies": {
        "cose-base": "^2.2.0"
      },
      "peerDependencies": {
        "cytoscape": "^3.2.0"
      }
    },
    "node_modules/layout-base": {
      "version": "2.0.1",
      "resolved": "https://registry.npmjs.org/layout-base/-/layout-base-2.0.1.tgz",
      "integrity": "sha512-dp3s92+uNI1hWIpPGH3jK2kxE2lMjdXdr+DH8ynZHpd6PUlH6x6cbuXnoMmiNumznqaNO31xu9e79F0uuZ0JFg=="
    }
  }
}
